
Microsoft Visual Studio Solution File, Format Version 12.00
# Visual Studio 14
VisualStudioVersion = 14.0.25420.1
MinimumVisualStudioVersion = 10.0.40219.1
Project("{471EC4BB-E47E-4229-A789-D1F5F83B52D4}") = "MCP Project8", "MCP Project8\MCP Project8.mcpproj", "{3A7EE831-4564-47D1-884A-2566EF286C4B}"
EndProject
Global
	GlobalSection(SolutionConfigurationPlatforms) = preSolution
		Debug|MCP = Debug|MCP
		Release|MCP = Release|MCP
	EndGlobalSection
	GlobalSection(ProjectConfigurationPlatforms) = postSolution
		{3A7EE831-4564-47D1-884A-2566EF286C4B}.Debug|MCP.ActiveCfg = Debug|MCP
		{3A7EE831-4564-47D1-884A-2566EF286C4B}.Debug|MCP.Build.0 = Debug|MCP
		{3A7EE831-4564-47D1-884A-2566EF286C4B}.Release|MCP.ActiveCfg = Release|MCP
		{3A7EE831-4564-47D1-884A-2566EF286C4B}.Release|MCP.Build.0 = Release|MCP
	EndGlobalSection
	GlobalSection(SolutionProperties) = preSolution
		HideSolutionNode = FALSE
	EndGlobalSection
EndGlobal
